# @generated by Move, please check-in and do not edit manually.

[move]
version = 3
manifest_digest = "0D13DD6E624582C134AF44F372D2D9759F78C280182B2B3DE6E7E3CD3E8DF716"
deps_digest = "F8BBB0CCB2491CA29A3DF03D6F92277A4F3574266507ACD77214D37ECA3F3082"
dependencies = [
  { id = "Iota", name = "Iota" },
]

[[move.package]]
id = "Iota"
source = { git = "https://github.com/iotaledger/iota.git", rev = "mainnet", subdir = "crates/iota-framework/packages/iota-framework" }

dependencies = [
  { id = "MoveStdlib", name = "MoveStdlib" },
]

[[move.package]]
id = "MoveStdlib"
source = { git = "https://github.com/iotaledger/iota.git", rev = "mainnet", subdir = "crates/iota-framework/packages/move-stdlib" }

[move.toolchain-version]
compiler-version = "1.12.0"
edition = "2024.beta"
flavor = "iota"

[env]

[env.devnet]
chain-id = "e678123a"
original-published-id = "0x47b416f0aa7901e561086213c055ebf86075e0985f0da60a480924b08083a68e"
latest-published-id = "0x47b416f0aa7901e561086213c055ebf86075e0985f0da60a480924b08083a68e"
published-version = "1"
